
Microsoft Visual Studio Solution File, Format Version 12.00
# Visual Studio 14
VisualStudioVersion = 14.0.25420.1
MinimumVisualStudioVersion = 10.0.40219.1
Project("{FAE04EC0-301F-11D3-BF4B-00C04F79EFBC}") = "ReportWeb", "ReportWeb\ReportWeb.csproj", "{08757203-A9E2-4918-A059-695B8D9EBED7}"
EndProject
Project("{FAE04EC0-301F-11D3-BF4B-00C04F79EFBC}") = "ReportWeb.Data", "ReportWeb.Data\ReportWeb.Data.csproj", "{076E0620-4082-4CE0-9547-B5477BAE3137}"
EndProject
Project("{FAE04EC0-301F-11D3-BF4B-00C04F79EFBC}") = "ReportWeb.Entities", "ReportWeb.Entities\ReportWeb.Entities.csproj", "{36AD9360-E57D-4406-8600-8D4922D79A89}"
EndProject
Project("{FAE04EC0-301F-11D3-BF4B-00C04F79EFBC}") = "ReportWeb.BLL", "ReportWeb.Business\ReportWeb.BLL.csproj", "{D2E9D4E7-59D4-46C5-8273-32B36F17F49F}"
EndProject
Project("{FAE04EC0-301F-11D3-BF4B-00C04F79EFBC}") = "ReportWeb.Models", "ReportWeb.Models\ReportWeb.Models.csproj", "{712FD937-E2EC-4F78-B20A-F39EFB1D5E60}"
EndProject
Project("{FAE04EC0-301F-11D3-BF4B-00C04F79EFBC}") = "ReportWeb.Common", "ReportWeb.Common\ReportWeb.Common.csproj", "{4A7C19E0-6664-45C2-8999-A5E0896FE111}"
EndProject
Project("{FAE04EC0-301F-11D3-BF4B-00C04F79EFBC}") = "ReportWeb.Reports", "ReportWeb.Reports\ReportWeb.Reports.csproj", "{54F4C18A-7F78-4AC2-9581-1B3EB814A0FD}"
EndProject
Global
	GlobalSection(SolutionConfigurationPlatforms) = preSolution
		Debug|Any CPU = Debug|Any CPU
		Release|Any CPU = Release|Any CPU
	EndGlobalSection
	GlobalSection(ProjectConfigurationPlatforms) = postSolution
		{08757203-A9E2-4918-A059-695B8D9EBED7}.Debug|Any CPU.ActiveCfg = Debug|Any CPU
		{08757203-A9E2-4918-A059-695B8D9EBED7}.Debug|Any CPU.Build.0 = Debug|Any CPU
		{08757203-A9E2-4918-A059-695B8D9EBED7}.Release|Any CPU.ActiveCfg = Release|Any CPU
		{08757203-A9E2-4918-A059-695B8D9EBED7}.Release|Any CPU.Build.0 = Release|Any CPU
		{076E0620-4082-4CE0-9547-B5477BAE3137}.Debug|Any CPU.ActiveCfg = Debug|Any CPU
		{076E0620-4082-4CE0-9547-B5477BAE3137}.Debug|Any CPU.Build.0 = Debug|Any CPU
		{076E0620-4082-4CE0-9547-B5477BAE3137}.Release|Any CPU.ActiveCfg = Release|Any CPU
		{076E0620-4082-4CE0-9547-B5477BAE3137}.Release|Any CPU.Build.0 = Release|Any CPU
		{36AD9360-E57D-4406-8600-8D4922D79A89}.Debug|Any CPU.ActiveCfg = Debug|Any CPU
		{36AD9360-E57D-4406-8600-8D4922D79A89}.Debug|Any CPU.Build.0 = Debug|Any CPU
		{36AD9360-E57D-4406-8600-8D4922D79A89}.Release|Any CPU.ActiveCfg = Release|Any CPU
		{36AD9360-E57D-4406-8600-8D4922D79A89}.Release|Any CPU.Build.0 = Release|Any CPU
		{D2E9D4E7-59D4-46C5-8273-32B36F17F49F}.Debug|Any CPU.ActiveCfg = Debug|Any CPU
		{D2E9D4E7-59D4-46C5-8273-32B36F17F49F}.Debug|Any CPU.Build.0 = Debug|Any CPU
		{D2E9D4E7-59D4-46C5-8273-32B36F17F49F}.Release|Any CPU.ActiveCfg = Release|Any CPU
		{D2E9D4E7-59D4-46C5-8273-32B36F17F49F}.Release|Any CPU.Build.0 = Release|Any CPU
		{712FD937-E2EC-4F78-B20A-F39EFB1D5E60}.Debug|Any CPU.ActiveCfg = Debug|Any CPU
		{712FD937-E2EC-4F78-B20A-F39EFB1D5E60}.Debug|Any CPU.Build.0 = Debug|Any CPU
		{712FD937-E2EC-4F78-B20A-F39EFB1D5E60}.Release|Any CPU.ActiveCfg = Release|Any CPU
		{712FD937-E2EC-4F78-B20A-F39EFB1D5E60}.Release|Any CPU.Build.0 = Release|Any CPU
		{4A7C19E0-6664-45C2-8999-A5E0896FE111}.Debug|Any CPU.ActiveCfg = Debug|Any CPU
		{4A7C19E0-6664-45C2-8999-A5E0896FE111}.Debug|Any CPU.Build.0 = Debug|Any CPU
		{4A7C19E0-6664-45C2-8999-A5E0896FE111}.Release|Any CPU.ActiveCfg = Release|Any CPU
		{4A7C19E0-6664-45C2-8999-A5E0896FE111}.Release|Any CPU.Build.0 = Release|Any CPU
		{54F4C18A-7F78-4AC2-9581-1B3EB814A0FD}.Debug|Any CPU.ActiveCfg = Debug|Any CPU
		{54F4C18A-7F78-4AC2-9581-1B3EB814A0FD}.Debug|Any CPU.Build.0 = Debug|Any CPU
		{54F4C18A-7F78-4AC2-9581-1B3EB814A0FD}.Release|Any CPU.ActiveCfg = Release|Any CPU
		{54F4C18A-7F78-4AC2-9581-1B3EB814A0FD}.Release|Any CPU.Build.0 = Release|Any CPU
	EndGlobalSection
	GlobalSection(SolutionProperties) = preSolution
		HideSolutionNode = FALSE
	EndGlobalSection
EndGlobal
